
Microsoft Visual Studio Solution File, Format Version 12.00
# Visual Studio Version 16
VisualStudioVersion = 16.0.31424.327
MinimumVisualStudioVersion = 10.0.40219.1
Project("{FAE04EC0-301F-11D3-BF4B-00C04F79EFBC}") = "StockAccountManagement", "StockAccountManagement.csproj", "{34F611E3-633E-4FB1-BC07-8AB03E932C92}"
EndProject
Global
	GlobalSection(SolutionConfigurationPlatforms) = preSolution
		Debug|Any CPU = Debug|Any CPU
		Release|Any CPU = Release|Any CPU
	EndGlobalSection
	GlobalSection(ProjectConfigurationPlatforms) = postSolution
		{34F611E3-633E-4FB1-BC07-8AB03E932C92}.Debug|Any CPU.ActiveCfg = Debug|Any CPU
		{34F611E3-633E-4FB1-BC07-8AB03E932C92}.Debug|Any CPU.Build.0 = Debug|Any CPU
		{34F611E3-633E-4FB1-BC07-8AB03E932C92}.Release|Any CPU.ActiveCfg = Release|Any CPU
		{34F611E3-633E-4FB1-BC07-8AB03E932C92}.Release|Any CPU.Build.0 = Release|Any CPU
	EndGlobalSection
	GlobalSection(SolutionProperties) = preSolution
		HideSolutionNode = FALSE
	EndGlobalSection
	GlobalSection(ExtensibilityGlobals) = postSolution
		SolutionGuid = {C43DE098-3ECA-4A05-B3ED-F3C230BE39A8}
	EndGlobalSection
EndGlobal
